
Microsoft Visual Studio Solution File, Format Version 12.00
# Visual Studio Version 17
VisualStudioVersion = 17.11.35327.3
MinimumVisualStudioVersion = 10.0.40219.1
Project("{FAE04EC0-301F-11D3-BF4B-00C04F79EFBC}") = "mp3", "mp3\mp3.csproj", "{EA13D951-7D4E-439C-9C7C-E5A1272BD5EC}"
EndProject
Global
	GlobalSection(SolutionConfigurationPlatforms) = preSolution
		Debug|Any CPU = Debug|Any CPU
		Release|Any CPU = Release|Any CPU
	EndGlobalSection
	GlobalSection(ProjectConfigurationPlatforms) = postSolution
		{EA13D951-7D4E-439C-9C7C-E5A1272BD5EC}.Debug|Any CPU.ActiveCfg = Debug|Any CPU
		{EA13D951-7D4E-439C-9C7C-E5A1272BD5EC}.Debug|Any CPU.Build.0 = Debug|Any CPU
		{EA13D951-7D4E-439C-9C7C-E5A1272BD5EC}.Release|Any CPU.ActiveCfg = Release|Any CPU
		{EA13D951-7D4E-439C-9C7C-E5A1272BD5EC}.Release|Any CPU.Build.0 = Release|Any CPU
	EndGlobalSection
	GlobalSection(SolutionProperties) = preSolution
		HideSolutionNode = FALSE
	EndGlobalSection
	GlobalSection(ExtensibilityGlobals) = postSolution
		SolutionGuid = {025D5380-FF0A-4BE2-8D33-86502A67EA41}
	EndGlobalSection
EndGlobal
