
Microsoft Visual Studio Solution File, Format Version 12.00
# Visual Studio Version 17
VisualStudioVersion = 17.11.35327.3
MinimumVisualStudioVersion = 10.0.40219.1
Project("{FAE04EC0-301F-11D3-BF4B-00C04F79EFBC}") = "JsonToDataBase", "JsonToDataBase\JsonToDataBase.csproj", "{C3FECE7A-6956-4F79-B340-39577449ECC1}"
EndProject
Global
	GlobalSection(SolutionConfigurationPlatforms) = preSolution
		Debug|Any CPU = Debug|Any CPU
		Release|Any CPU = Release|Any CPU
	EndGlobalSection
	GlobalSection(ProjectConfigurationPlatforms) = postSolution
		{C3FECE7A-6956-4F79-B340-39577449ECC1}.Debug|Any CPU.ActiveCfg = Debug|Any CPU
		{C3FECE7A-6956-4F79-B340-39577449ECC1}.Debug|Any CPU.Build.0 = Debug|Any CPU
		{C3FECE7A-6956-4F79-B340-39577449ECC1}.Release|Any CPU.ActiveCfg = Release|Any CPU
		{C3FECE7A-6956-4F79-B340-39577449ECC1}.Release|Any CPU.Build.0 = Release|Any CPU
	EndGlobalSection
	GlobalSection(SolutionProperties) = preSolution
		HideSolutionNode = FALSE
	EndGlobalSection
	GlobalSection(ExtensibilityGlobals) = postSolution
		SolutionGuid = {AB4C5877-A1C5-44AA-85AF-ADBB31EFCF30}
	EndGlobalSection
EndGlobal
